
Microsoft Visual Studio Solution File, Format Version 12.00
# Visual Studio Version 17
VisualStudioVersion = 17.13.35931.197
MinimumVisualStudioVersion = 10.0.40219.1
Project("{FAE04EC0-301F-11D3-BF4B-00C04F79EFBC}") = "FirstProject", "FirstProject\FirstProject.csproj", "{CAA66615-4397-43CC-BCAE-8E048FF48F9D}"
EndProject
Project("{FAE04EC0-301F-11D3-BF4B-00C04F79EFBC}") = "SecondProject", "SecondProject\SecondProject.csproj", "{3E03F934-56DB-4A22-B865-CEF79D36CFD3}"
EndProject
Project("{FAE04EC0-301F-11D3-BF4B-00C04F79EFBC}") = "FirstDegree", "FirstDegree\FirstDegree.csproj", "{61E8295D-592E-4885-9568-6ACB72486591}"
EndProject
Project("{FAE04EC0-301F-11D3-BF4B-00C04F79EFBC}") = "QuadraticEquation", "QuadraticEquation\QuadraticEquation.csproj", "{2EBEE684-F004-42FE-A14B-99C4AE2555C6}"
EndProject
Project("{FAE04EC0-301F-11D3-BF4B-00C04F79EFBC}") = "StringInteraction", "StringInteraction\StringInteraction.csproj", "{0BF33417-6978-4BF8-B3E3-D2077AE771EA}"
EndProject
Project("{FAE04EC0-301F-11D3-BF4B-00C04F79EFBC}") = "SimpleMath", "SimpleMath\SimpleMath.csproj", "{134F094E-DA89-4B11-9097-115AF95B1CEA}"
EndProject
Project("{FAE04EC0-301F-11D3-BF4B-00C04F79EFBC}") = "RefAndOutSample", "RefAndOutSample\RefAndOutSample.csproj", "{BDCFB216-1FAD-49CA-985C-9831C132A8E0}"
EndProject
Project("{FAE04EC0-301F-11D3-BF4B-00C04F79EFBC}") = "TryParseSample", "TryParseSample\TryParseSample.csproj", "{8111F37C-BF19-4596-B56A-04ABC6391CC2}"
EndProject
Project("{FAE04EC0-301F-11D3-BF4B-00C04F79EFBC}") = "paramssample", "paramssample\paramssample.csproj", "{6B038F57-66DD-4932-8CEF-FA4227739833}"
EndProject
Project("{FAE04EC0-301F-11D3-BF4B-00C04F79EFBC}") = "TuplesSample", "TuplesSample\TuplesSample.csproj", "{A38AC1B5-3175-4A46-BAB0-8B34C3454761}"
EndProject
Project("{FAE04EC0-301F-11D3-BF4B-00C04F79EFBC}") = "NestedLoop_Sort", "NestedLoop_Sort\NestedLoop_Sort.csproj", "{42551E0E-6DCD-47ED-90CD-97E2F5891938}"
EndProject
Project("{FAE04EC0-301F-11D3-BF4B-00C04F79EFBC}") = "NestedLoop_Shape", "NestedLoop_Shape\NestedLoop_Shape.csproj", "{453F15BE-B47F-42AE-BF95-4E89A90117E9}"
EndProject
Project("{FAE04EC0-301F-11D3-BF4B-00C04F79EFBC}") = "OOP1", "OOP1\OOP1.csproj", "{E70234F6-C85D-4634-B760-677A7235DAFF}"
EndProject
Project("{FAE04EC0-301F-11D3-BF4B-00C04F79EFBC}") = "OOP2", "OOP2\OOP2.csproj", "{A985BCAA-625F-452A-8676-9AC100830ADB}"
EndProject
Project("{FAE04EC0-301F-11D3-BF4B-00C04F79EFBC}") = "OOP3_ExtensionMethod", "OOP3_ExtensionMethod\OOP3_ExtensionMethod.csproj", "{C4EA82A0-4253-4847-94E4-033F3EF1BC58}"
EndProject
Project("{FAE04EC0-301F-11D3-BF4B-00C04F79EFBC}") = "OOP4_Reuse_OOP2", "OOP4_Reuse_OOP2\OOP4_Reuse_OOP2.csproj", "{FC8A3509-3781-4D80-8213-58563CD66B7A}"
EndProject
Project("{FAE04EC0-301F-11D3-BF4B-00C04F79EFBC}") = "OOP5_Generic_List", "OOP5_Generic_List\OOP5_Generic_List.csproj", "{0422422F-E29F-4281-9E3F-6970689F4FB5}"
EndProject
Project("{FAE04EC0-301F-11D3-BF4B-00C04F79EFBC}") = "OOP6_Dictionary", "OOP6_Dictionary\OOP6_Dictionary.csproj", "{61997A14-B0F9-4B7E-B641-BAF6C7C24D7B}"
EndProject
Project("{2150E333-8FDC-42A3-9474-1A3956D46DE8}") = "Chapter5", "Chapter5", "{02EA681E-C7D8-13C7-8484-4AC65E1B71E8}"
EndProject
Project("{FAE04EC0-301F-11D3-BF4B-00C04F79EFBC}") = "BuilderPattern", "BuilderPattern\BuilderPattern.csproj", "{044DE341-433F-5702-4D82-2BB3FD3832E3}"
EndProject
Project("{FAE04EC0-301F-11D3-BF4B-00C04F79EFBC}") = "FactoriesPattern", "FactoriesPattern\FactoriesPattern.csproj", "{15ADFCBE-9B56-7B0A-7AE5-771D29B1F4C9}"
EndProject
Project("{FAE04EC0-301F-11D3-BF4B-00C04F79EFBC}") = "ObserverPattern", "ObserverPattern\ObserverPattern.csproj", "{FEBF851F-917B-C45E-D2B8-7873FE9FDB40}"
EndProject
Project("{FAE04EC0-301F-11D3-BF4B-00C04F79EFBC}") = "PrototypePattern", "PrototypePattern\PrototypePattern.csproj", "{92C92FD4-253A-352A-CA1D-8ACA5E5F3868}"
EndProject
Project("{FAE04EC0-301F-11D3-BF4B-00C04F79EFBC}") = "SingletonPattern", "SingletonPattern\SingletonPattern.csproj", "{FABC0CC8-7E79-3D9B-8D56-17C4207BB104}"
EndProject
Project("{FAE04EC0-301F-11D3-BF4B-00C04F79EFBC}") = "DemoAliasClone", "DemoAliasClone\DemoAliasClone.csproj", "{1E61FF59-D954-41BF-B087-3BCE7D4F478D}"
EndProject
Project("{2150E333-8FDC-42A3-9474-1A3956D46DE8}") = "Chapter6", "Chapter6", "{AB89BC5A-71D0-403D-A837-7D853B53AD7C}"
EndProject
Project("{FAE04EC0-301F-11D3-BF4B-00C04F79EFBC}") = "DemoDelegate", "DemoDelegate\DemoDelegate.csproj", "{2C7C4254-6670-4D9E-8EE0-BB656011E1F1}"
EndProject
Project("{FAE04EC0-301F-11D3-BF4B-00C04F79EFBC}") = "DemoLINQ2Object", "DemoLINQ2Object\DemoLINQ2Object.csproj", "{7BBE8EB5-D7AB-43C1-9114-F8D4FBB914B3}"
EndProject
Project("{FAE04EC0-301F-11D3-BF4B-00C04F79EFBC}") = "DemoLINQ2ObjectModelClass", "DemoLINQ2ObjectModelClass\DemoLINQ2ObjectModelClass.csproj", "{29FFE05F-2C23-4251-B039-DA69ACCF0DF9}"
EndProject
Project("{FAE04EC0-301F-11D3-BF4B-00C04F79EFBC}") = "DemoLINQ2SQL", "DemoLINQ2SQL\DemoLINQ2SQL.csproj", "{E3CA6073-31B7-4F64-BAAE-04B7A2E13DAA}"
EndProject
Global
	GlobalSection(SolutionConfigurationPlatforms) = preSolution
		Debug|Any CPU = Debug|Any CPU
		Release|Any CPU = Release|Any CPU
	EndGlobalSection
	GlobalSection(ProjectConfigurationPlatforms) = postSolution
		{CAA66615-4397-43CC-BCAE-8E048FF48F9D}.Debug|Any CPU.ActiveCfg = Debug|Any CPU
		{CAA66615-4397-43CC-BCAE-8E048FF48F9D}.Debug|Any CPU.Build.0 = Debug|Any CPU
		{CAA66615-4397-43CC-BCAE-8E048FF48F9D}.Release|Any CPU.ActiveCfg = Release|Any CPU
		{CAA66615-4397-43CC-BCAE-8E048FF48F9D}.Release|Any CPU.Build.0 = Release|Any CPU
		{3E03F934-56DB-4A22-B865-CEF79D36CFD3}.Debug|Any CPU.ActiveCfg = Debug|Any CPU
		{3E03F934-56DB-4A22-B865-CEF79D36CFD3}.Debug|Any CPU.Build.0 = Debug|Any CPU
		{3E03F934-56DB-4A22-B865-CEF79D36CFD3}.Release|Any CPU.ActiveCfg = Release|Any CPU
		{3E03F934-56DB-4A22-B865-CEF79D36CFD3}.Release|Any CPU.Build.0 = Release|Any CPU
		{61E8295D-592E-4885-9568-6ACB72486591}.Debug|Any CPU.ActiveCfg = Debug|Any CPU
		{61E8295D-592E-4885-9568-6ACB72486591}.Debug|Any CPU.Build.0 = Debug|Any CPU
		{61E8295D-592E-4885-9568-6ACB72486591}.Release|Any CPU.ActiveCfg = Release|Any CPU
		{61E8295D-592E-4885-9568-6ACB72486591}.Release|Any CPU.Build.0 = Release|Any CPU
		{2EBEE684-F004-42FE-A14B-99C4AE2555C6}.Debug|Any CPU.ActiveCfg = Debug|Any CPU
		{2EBEE684-F004-42FE-A14B-99C4AE2555C6}.Debug|Any CPU.Build.0 = Debug|Any CPU
		{2EBEE684-F004-42FE-A14B-99C4AE2555C6}.Release|Any CPU.ActiveCfg = Release|Any CPU
		{2EBEE684-F004-42FE-A14B-99C4AE2555C6}.Release|Any CPU.Build.0 = Release|Any CPU
		{0BF33417-6978-4BF8-B3E3-D2077AE771EA}.Debug|Any CPU.ActiveCfg = Debug|Any CPU
		{0BF33417-6978-4BF8-B3E3-D2077AE771EA}.Debug|Any CPU.Build.0 = Debug|Any CPU
		{0BF33417-6978-4BF8-B3E3-D2077AE771EA}.Release|Any CPU.ActiveCfg = Release|Any CPU
		{0BF33417-6978-4BF8-B3E3-D2077AE771EA}.Release|Any CPU.Build.0 = Release|Any CPU
		{134F094E-DA89-4B11-9097-115AF95B1CEA}.Debug|Any CPU.ActiveCfg = Debug|Any CPU
		{134F094E-DA89-4B11-9097-115AF95B1CEA}.Debug|Any CPU.Build.0 = Debug|Any CPU
		{134F094E-DA89-4B11-9097-115AF95B1CEA}.Release|Any CPU.ActiveCfg = Release|Any CPU
		{134F094E-DA89-4B11-9097-115AF95B1CEA}.Release|Any CPU.Build.0 = Release|Any CPU
		{BDCFB216-1FAD-49CA-985C-9831C132A8E0}.Debug|Any CPU.ActiveCfg = Debug|Any CPU
		{BDCFB216-1FAD-49CA-985C-9831C132A8E0}.Debug|Any CPU.Build.0 = Debug|Any CPU
		{BDCFB216-1FAD-49CA-985C-9831C132A8E0}.Release|Any CPU.ActiveCfg = Release|Any CPU
		{BDCFB216-1FAD-49CA-985C-9831C132A8E0}.Release|Any CPU.Build.0 = Release|Any CPU
		{8111F37C-BF19-4596-B56A-04ABC6391CC2}.Debug|Any CPU.ActiveCfg = Debug|Any CPU
		{8111F37C-BF19-4596-B56A-04ABC6391CC2}.Debug|Any CPU.Build.0 = Debug|Any CPU
		{8111F37C-BF19-4596-B56A-04ABC6391CC2}.Release|Any CPU.ActiveCfg = Release|Any CPU
		{8111F37C-BF19-4596-B56A-04ABC6391CC2}.Release|Any CPU.Build.0 = Release|Any CPU
		{6B038F57-66DD-4932-8CEF-FA4227739833}.Debug|Any CPU.ActiveCfg = Debug|Any CPU
		{6B038F57-66DD-4932-8CEF-FA4227739833}.Debug|Any CPU.Build.0 = Debug|Any CPU
		{6B038F57-66DD-4932-8CEF-FA4227739833}.Release|Any CPU.ActiveCfg = Release|Any CPU
		{6B038F57-66DD-4932-8CEF-FA4227739833}.Release|Any CPU.Build.0 = Release|Any CPU
		{A38AC1B5-3175-4A46-BAB0-8B34C3454761}.Debug|Any CPU.ActiveCfg = Debug|Any CPU
		{A38AC1B5-3175-4A46-BAB0-8B34C3454761}.Debug|Any CPU.Build.0 = Debug|Any CPU
		{A38AC1B5-3175-4A46-BAB0-8B34C3454761}.Release|Any CPU.ActiveCfg = Release|Any CPU
		{A38AC1B5-3175-4A46-BAB0-8B34C3454761}.Release|Any CPU.Build.0 = Release|Any CPU
		{42551E0E-6DCD-47ED-90CD-97E2F5891938}.Debug|Any CPU.ActiveCfg = Debug|Any CPU
		{42551E0E-6DCD-47ED-90CD-97E2F5891938}.Debug|Any CPU.Build.0 = Debug|Any CPU
		{42551E0E-6DCD-47ED-90CD-97E2F5891938}.Release|Any CPU.ActiveCfg = Release|Any CPU
		{42551E0E-6DCD-47ED-90CD-97E2F5891938}.Release|Any CPU.Build.0 = Release|Any CPU
		{453F15BE-B47F-42AE-BF95-4E89A90117E9}.Debug|Any CPU.ActiveCfg = Debug|Any CPU
		{453F15BE-B47F-42AE-BF95-4E89A90117E9}.Debug|Any CPU.Build.0 = Debug|Any CPU
		{453F15BE-B47F-42AE-BF95-4E89A90117E9}.Release|Any CPU.ActiveCfg = Release|Any CPU
		{453F15BE-B47F-42AE-BF95-4E89A90117E9}.Release|Any CPU.Build.0 = Release|Any CPU
		{E70234F6-C85D-4634-B760-677A7235DAFF}.Debug|Any CPU.ActiveCfg = Debug|Any CPU
		{E70234F6-C85D-4634-B760-677A7235DAFF}.Debug|Any CPU.Build.0 = Debug|Any CPU
		{E70234F6-C85D-4634-B760-677A7235DAFF}.Release|Any CPU.ActiveCfg = Release|Any CPU
		{E70234F6-C85D-4634-B760-677A7235DAFF}.Release|Any CPU.Build.0 = Release|Any CPU
		{A985BCAA-625F-452A-8676-9AC100830ADB}.Debug|Any CPU.ActiveCfg = Debug|Any CPU
		{A985BCAA-625F-452A-8676-9AC100830ADB}.Debug|Any CPU.Build.0 = Debug|Any CPU
		{A985BCAA-625F-452A-8676-9AC100830ADB}.Release|Any CPU.ActiveCfg = Release|Any CPU
		{A985BCAA-625F-452A-8676-9AC100830ADB}.Release|Any CPU.Build.0 = Release|Any CPU
		{C4EA82A0-4253-4847-94E4-033F3EF1BC58}.Debug|Any CPU.ActiveCfg = Debug|Any CPU
		{C4EA82A0-4253-4847-94E4-033F3EF1BC58}.Debug|Any CPU.Build.0 = Debug|Any CPU
		{C4EA82A0-4253-4847-94E4-033F3EF1BC58}.Release|Any CPU.ActiveCfg = Release|Any CPU
		{C4EA82A0-4253-4847-94E4-033F3EF1BC58}.Release|Any CPU.Build.0 = Release|Any CPU
		{FC8A3509-3781-4D80-8213-58563CD66B7A}.Debug|Any CPU.ActiveCfg = Debug|Any CPU
		{FC8A3509-3781-4D80-8213-58563CD66B7A}.Debug|Any CPU.Build.0 = Debug|Any CPU
		{FC8A3509-3781-4D80-8213-58563CD66B7A}.Release|Any CPU.ActiveCfg = Release|Any CPU
		{FC8A3509-3781-4D80-8213-58563CD66B7A}.Release|Any CPU.Build.0 = Release|Any CPU
		{0422422F-E29F-4281-9E3F-6970689F4FB5}.Debug|Any CPU.ActiveCfg = Debug|Any CPU
		{0422422F-E29F-4281-9E3F-6970689F4FB5}.Debug|Any CPU.Build.0 = Debug|Any CPU
		{0422422F-E29F-4281-9E3F-6970689F4FB5}.Release|Any CPU.ActiveCfg = Release|Any CPU
		{0422422F-E29F-4281-9E3F-6970689F4FB5}.Release|Any CPU.Build.0 = Release|Any CPU
		{61997A14-B0F9-4B7E-B641-BAF6C7C24D7B}.Debug|Any CPU.ActiveCfg = Debug|Any CPU
		{61997A14-B0F9-4B7E-B641-BAF6C7C24D7B}.Debug|Any CPU.Build.0 = Debug|Any CPU
		{61997A14-B0F9-4B7E-B641-BAF6C7C24D7B}.Release|Any CPU.ActiveCfg = Release|Any CPU
		{61997A14-B0F9-4B7E-B641-BAF6C7C24D7B}.Release|Any CPU.Build.0 = Release|Any CPU
		{044DE341-433F-5702-4D82-2BB3FD3832E3}.Debug|Any CPU.ActiveCfg = Debug|Any CPU
		{044DE341-433F-5702-4D82-2BB3FD3832E3}.Debug|Any CPU.Build.0 = Debug|Any CPU
		{044DE341-433F-5702-4D82-2BB3FD3832E3}.Release|Any CPU.ActiveCfg = Release|Any CPU
		{044DE341-433F-5702-4D82-2BB3FD3832E3}.Release|Any CPU.Build.0 = Release|Any CPU
		{15ADFCBE-9B56-7B0A-7AE5-771D29B1F4C9}.Debug|Any CPU.ActiveCfg = Debug|Any CPU
		{15ADFCBE-9B56-7B0A-7AE5-771D29B1F4C9}.Debug|Any CPU.Build.0 = Debug|Any CPU
		{15ADFCBE-9B56-7B0A-7AE5-771D29B1F4C9}.Release|Any CPU.ActiveCfg = Release|Any CPU
		{15ADFCBE-9B56-7B0A-7AE5-771D29B1F4C9}.Release|Any CPU.Build.0 = Release|Any CPU
		{FEBF851F-917B-C45E-D2B8-7873FE9FDB40}.Debug|Any CPU.ActiveCfg = Debug|Any CPU
		{FEBF851F-917B-C45E-D2B8-7873FE9FDB40}.Debug|Any CPU.Build.0 = Debug|Any CPU
		{FEBF851F-917B-C45E-D2B8-7873FE9FDB40}.Release|Any CPU.ActiveCfg = Release|Any CPU
		{FEBF851F-917B-C45E-D2B8-7873FE9FDB40}.Release|Any CPU.Build.0 = Release|Any CPU
		{92C92FD4-253A-352A-CA1D-8ACA5E5F3868}.Debug|Any CPU.ActiveCfg = Debug|Any CPU
		{92C92FD4-253A-352A-CA1D-8ACA5E5F3868}.Debug|Any CPU.Build.0 = Debug|Any CPU
		{92C92FD4-253A-352A-CA1D-8ACA5E5F3868}.Release|Any CPU.ActiveCfg = Release|Any CPU
		{92C92FD4-253A-352A-CA1D-8ACA5E5F3868}.Release|Any CPU.Build.0 = Release|Any CPU
		{FABC0CC8-7E79-3D9B-8D56-17C4207BB104}.Debug|Any CPU.ActiveCfg = Debug|Any CPU
		{FABC0CC8-7E79-3D9B-8D56-17C4207BB104}.Debug|Any CPU.Build.0 = Debug|Any CPU
		{FABC0CC8-7E79-3D9B-8D56-17C4207BB104}.Release|Any CPU.ActiveCfg = Release|Any CPU
		{FABC0CC8-7E79-3D9B-8D56-17C4207BB104}.Release|Any CPU.Build.0 = Release|Any CPU
		{1E61FF59-D954-41BF-B087-3BCE7D4F478D}.Debug|Any CPU.ActiveCfg = Debug|Any CPU
		{1E61FF59-D954-41BF-B087-3BCE7D4F478D}.Debug|Any CPU.Build.0 = Debug|Any CPU
		{1E61FF59-D954-41BF-B087-3BCE7D4F478D}.Release|Any CPU.ActiveCfg = Release|Any CPU
		{1E61FF59-D954-41BF-B087-3BCE7D4F478D}.Release|Any CPU.Build.0 = Release|Any CPU
		{2C7C4254-6670-4D9E-8EE0-BB656011E1F1}.Debug|Any CPU.ActiveCfg = Debug|Any CPU
		{2C7C4254-6670-4D9E-8EE0-BB656011E1F1}.Debug|Any CPU.Build.0 = Debug|Any CPU
		{2C7C4254-6670-4D9E-8EE0-BB656011E1F1}.Release|Any CPU.ActiveCfg = Release|Any CPU
		{2C7C4254-6670-4D9E-8EE0-BB656011E1F1}.Release|Any CPU.Build.0 = Release|Any CPU
		{7BBE8EB5-D7AB-43C1-9114-F8D4FBB914B3}.Debug|Any CPU.ActiveCfg = Debug|Any CPU
		{7BBE8EB5-D7AB-43C1-9114-F8D4FBB914B3}.Debug|Any CPU.Build.0 = Debug|Any CPU
		{7BBE8EB5-D7AB-43C1-9114-F8D4FBB914B3}.Release|Any CPU.ActiveCfg = Release|Any CPU
		{7BBE8EB5-D7AB-43C1-9114-F8D4FBB914B3}.Release|Any CPU.Build.0 = Release|Any CPU
		{29FFE05F-2C23-4251-B039-DA69ACCF0DF9}.Debug|Any CPU.ActiveCfg = Debug|Any CPU
		{29FFE05F-2C23-4251-B039-DA69ACCF0DF9}.Debug|Any CPU.Build.0 = Debug|Any CPU
		{29FFE05F-2C23-4251-B039-DA69ACCF0DF9}.Release|Any CPU.ActiveCfg = Release|Any CPU
		{29FFE05F-2C23-4251-B039-DA69ACCF0DF9}.Release|Any CPU.Build.0 = Release|Any CPU
		{E3CA6073-31B7-4F64-BAAE-04B7A2E13DAA}.Debug|Any CPU.ActiveCfg = Debug|Any CPU
		{E3CA6073-31B7-4F64-BAAE-04B7A2E13DAA}.Debug|Any CPU.Build.0 = Debug|Any CPU
		{E3CA6073-31B7-4F64-BAAE-04B7A2E13DAA}.Release|Any CPU.ActiveCfg = Release|Any CPU
		{E3CA6073-31B7-4F64-BAAE-04B7A2E13DAA}.Release|Any CPU.Build.0 = Release|Any CPU
	EndGlobalSection
	GlobalSection(SolutionProperties) = preSolution
		HideSolutionNode = FALSE
	EndGlobalSection
	GlobalSection(NestedProjects) = preSolution
		{044DE341-433F-5702-4D82-2BB3FD3832E3} = {02EA681E-C7D8-13C7-8484-4AC65E1B71E8}
		{15ADFCBE-9B56-7B0A-7AE5-771D29B1F4C9} = {02EA681E-C7D8-13C7-8484-4AC65E1B71E8}
		{FEBF851F-917B-C45E-D2B8-7873FE9FDB40} = {02EA681E-C7D8-13C7-8484-4AC65E1B71E8}
		{92C92FD4-253A-352A-CA1D-8ACA5E5F3868} = {02EA681E-C7D8-13C7-8484-4AC65E1B71E8}
		{FABC0CC8-7E79-3D9B-8D56-17C4207BB104} = {02EA681E-C7D8-13C7-8484-4AC65E1B71E8}
		{1E61FF59-D954-41BF-B087-3BCE7D4F478D} = {02EA681E-C7D8-13C7-8484-4AC65E1B71E8}
		{2C7C4254-6670-4D9E-8EE0-BB656011E1F1} = {AB89BC5A-71D0-403D-A837-7D853B53AD7C}
		{7BBE8EB5-D7AB-43C1-9114-F8D4FBB914B3} = {AB89BC5A-71D0-403D-A837-7D853B53AD7C}
		{29FFE05F-2C23-4251-B039-DA69ACCF0DF9} = {AB89BC5A-71D0-403D-A837-7D853B53AD7C}
		{E3CA6073-31B7-4F64-BAAE-04B7A2E13DAA} = {AB89BC5A-71D0-403D-A837-7D853B53AD7C}
	EndGlobalSection
	GlobalSection(ExtensibilityGlobals) = postSolution
		SolutionGuid = {59189441-05A1-4C0B-B49A-E3EA9E34A7D9}
	EndGlobalSection
EndGlobal
